
Microsoft Visual Studio Solution File, Format Version 12.00
# Visual Studio Version 16
VisualStudioVersion = 16.0.28922.388
MinimumVisualStudioVersion = 10.0.40219.1
Project("{9A19103F-16F7-4668-BE54-9A1E7A4F7556}") = "ConfigValidate", "src\ConfigValidate\ConfigValidate.csproj", "{CA7FF9F0-9B6B-40B9-882A-DEA3713437C1}"
EndProject
Global
	GlobalSection(SolutionConfigurationPlatforms) = preSolution
		Debug|Any CPU = Debug|Any CPU
		Release|Any CPU = Release|Any CPU
	EndGlobalSection
	GlobalSection(ProjectConfigurationPlatforms) = postSolution
		{CA7FF9F0-9B6B-40B9-882A-DEA3713437C1}.Debug|Any CPU.ActiveCfg = Debug|Any CPU
		{CA7FF9F0-9B6B-40B9-882A-DEA3713437C1}.Debug|Any CPU.Build.0 = Debug|Any CPU
		{CA7FF9F0-9B6B-40B9-882A-DEA3713437C1}.Release|Any CPU.ActiveCfg = Release|Any CPU
		{CA7FF9F0-9B6B-40B9-882A-DEA3713437C1}.Release|Any CPU.Build.0 = Release|Any CPU
	EndGlobalSection
	GlobalSection(SolutionProperties) = preSolution
		HideSolutionNode = FALSE
	EndGlobalSection
	GlobalSection(ExtensibilityGlobals) = postSolution
		SolutionGuid = {6E8EF31D-7886-4336-B520-8AF07F6AF2AF}
	EndGlobalSection
EndGlobal
